
Microsoft Visual Studio Solution File, Format Version 12.00
# Visual Studio Version 17
VisualStudioVersion = 17.2.32616.157
MinimumVisualStudioVersion = 10.0.40219.1
Project("{FAE04EC0-301F-11D3-BF4B-00C04F79EFBC}") = "ITHM.Web", "ITHM.Web\ITHM.Web.csproj", "{73452767-933E-4799-8234-B3CA7F44B98C}"
EndProject
Global
	GlobalSection(SolutionConfigurationPlatforms) = preSolution
		Debug|Any CPU = Debug|Any CPU
		Release|Any CPU = Release|Any CPU
	EndGlobalSection
	GlobalSection(ProjectConfigurationPlatforms) = postSolution
		{73452767-933E-4799-8234-B3CA7F44B98C}.Debug|Any CPU.ActiveCfg = Debug|Any CPU
		{73452767-933E-4799-8234-B3CA7F44B98C}.Debug|Any CPU.Build.0 = Debug|Any CPU
		{73452767-933E-4799-8234-B3CA7F44B98C}.Release|Any CPU.ActiveCfg = Release|Any CPU
		{73452767-933E-4799-8234-B3CA7F44B98C}.Release|Any CPU.Build.0 = Release|Any CPU
	EndGlobalSection
	GlobalSection(SolutionProperties) = preSolution
		HideSolutionNode = FALSE
	EndGlobalSection
	GlobalSection(ExtensibilityGlobals) = postSolution
		SolutionGuid = {D98F4241-9D64-4AB2-AEA9-4A71D7938302}
	EndGlobalSection
EndGlobal
